
Microsoft Visual Studio Solution File, Format Version 12.00
Project("{FAE04EC0-301F-11D3-BF4B-00C04F79EFBC}") = "CalculatorEngine", "CalculatorEngine\CalculatorEngine.csproj", "{0DD2955E-5C80-41BB-BEFE-715D6E53E74D}"
EndProject
Project("{FAE04EC0-301F-11D3-BF4B-00C04F79EFBC}") = "CalculatorEngineUnitTests", "CalculatorEngineUnitTests\CalculatorEngineUnitTests.csproj", "{46C6BE03-D3C4-403F-8A5C-46D6F0DBEE45}"
EndProject
Project("{FAE04EC0-301F-11D3-BF4B-00C04F79EFBC}") = "CalculatorEndToEndTests", "CalculatorEndToEndTests\CalculatorEndToEndTests.csproj", "{5DB00A23-D6EB-41BD-9257-3DF399A3715E}"
EndProject
Project("{FAE04EC0-301F-11D3-BF4B-00C04F79EFBC}") = "CalculatorWebServerApp", "CalculatorWebServerApp\CalculatorWebServerApp.csproj", "{94F85900-23F5-41FB-9761-D66677676370}"
EndProject
Global
	GlobalSection(SolutionConfigurationPlatforms) = preSolution
		Debug|Any CPU = Debug|Any CPU
		Release|Any CPU = Release|Any CPU
	EndGlobalSection
	GlobalSection(ProjectConfigurationPlatforms) = postSolution
		{0DD2955E-5C80-41BB-BEFE-715D6E53E74D}.Debug|Any CPU.ActiveCfg = Debug|Any CPU
		{0DD2955E-5C80-41BB-BEFE-715D6E53E74D}.Debug|Any CPU.Build.0 = Debug|Any CPU
		{0DD2955E-5C80-41BB-BEFE-715D6E53E74D}.Release|Any CPU.ActiveCfg = Release|Any CPU
		{0DD2955E-5C80-41BB-BEFE-715D6E53E74D}.Release|Any CPU.Build.0 = Release|Any CPU
		{46C6BE03-D3C4-403F-8A5C-46D6F0DBEE45}.Debug|Any CPU.ActiveCfg = Debug|Any CPU
		{46C6BE03-D3C4-403F-8A5C-46D6F0DBEE45}.Debug|Any CPU.Build.0 = Debug|Any CPU
		{46C6BE03-D3C4-403F-8A5C-46D6F0DBEE45}.Release|Any CPU.ActiveCfg = Release|Any CPU
		{46C6BE03-D3C4-403F-8A5C-46D6F0DBEE45}.Release|Any CPU.Build.0 = Release|Any CPU
		{5DB00A23-D6EB-41BD-9257-3DF399A3715E}.Debug|Any CPU.ActiveCfg = Debug|Any CPU
		{5DB00A23-D6EB-41BD-9257-3DF399A3715E}.Debug|Any CPU.Build.0 = Debug|Any CPU
		{5DB00A23-D6EB-41BD-9257-3DF399A3715E}.Release|Any CPU.ActiveCfg = Release|Any CPU
		{5DB00A23-D6EB-41BD-9257-3DF399A3715E}.Release|Any CPU.Build.0 = Release|Any CPU
		{94F85900-23F5-41FB-9761-D66677676370}.Debug|Any CPU.ActiveCfg = Debug|Any CPU
		{94F85900-23F5-41FB-9761-D66677676370}.Debug|Any CPU.Build.0 = Debug|Any CPU
		{94F85900-23F5-41FB-9761-D66677676370}.Release|Any CPU.ActiveCfg = Release|Any CPU
		{94F85900-23F5-41FB-9761-D66677676370}.Release|Any CPU.Build.0 = Release|Any CPU
	EndGlobalSection
	GlobalSection(NestedProjects) = preSolution
	EndGlobalSection
EndGlobal
